
Microsoft Visual Studio Solution File, Format Version 12.00
# Visual Studio 15
VisualStudioVersion = 15.0.27703.2042
MinimumVisualStudioVersion = 10.0.40219.1
Project("{FAE04EC0-301F-11D3-BF4B-00C04F79EFBC}") = "Restaurant.FormApp", "Restaurant.FormApp\Restaurant.FormApp.csproj", "{564631F7-D820-4782-91D5-7640CECEA5E1}"
EndProject
Global
	GlobalSection(SolutionConfigurationPlatforms) = preSolution
		Debug|Any CPU = Debug|Any CPU
		Release|Any CPU = Release|Any CPU
	EndGlobalSection
	GlobalSection(ProjectConfigurationPlatforms) = postSolution
		{564631F7-D820-4782-91D5-7640CECEA5E1}.Debug|Any CPU.ActiveCfg = Debug|Any CPU
		{564631F7-D820-4782-91D5-7640CECEA5E1}.Debug|Any CPU.Build.0 = Debug|Any CPU
		{564631F7-D820-4782-91D5-7640CECEA5E1}.Release|Any CPU.ActiveCfg = Release|Any CPU
		{564631F7-D820-4782-91D5-7640CECEA5E1}.Release|Any CPU.Build.0 = Release|Any CPU
	EndGlobalSection
	GlobalSection(SolutionProperties) = preSolution
		HideSolutionNode = FALSE
	EndGlobalSection
	GlobalSection(ExtensibilityGlobals) = postSolution
		SolutionGuid = {5836C4EF-D5C3-4116-9097-88FFD4DF0EEC}
	EndGlobalSection
EndGlobal
